{
  "name": "miniprogram",
  "version": "1.0.0",
  "lockfileVersion": 1,
  "requires": true,
  "dependencies": {
    "weui-miniprogram": {
      "version": "1.0.6",
      "resolved": "http://r.tnpm.oa.com/weui-miniprogram/-/weui-miniprogram-1.0.6.tgz",
      "integrity": "sha512-ZegGoOE6Gok3YkTTmlbsgAnd6+0SyqREzfCy160ttW3TC884bkgMHj9zZeXIPQSbIp18rg99I5qWJr5o44QodQ=="
    },
    "zepto": {
      "version": "1.2.0",
      "resolved": "http://r.tnpm.oa.com/zepto/-/zepto-1.2.0.tgz",
      "integrity": "sha1-4Se9nmb9hGvl6rSME5SIL3wOT5g="
    }
  }
}
